{
  "name": "@playbingo/shared",
  "version": "1.0.0",
  "lockfileVersion": 3,
  "requires": true,
  "packages": {
    "": {
      "name": "@playbingo/shared",
      "version": "1.0.0",
      "dependencies": {
        "@playbingo/types": "file:../schema",
        "zod": "^4.1.5"
      }
    },
    "../schema": {
      "name": "@playbingo/types",
      "version": "1.1.0",
      "license": "ISC",
      "dependencies": {
        "json-schema-to-typescript": "^13.1.1"
      },
      "devDependencies": {
        "@types/node": "^20.10.4",
        "ts-node": "^10.9.2",
        "typescript": "^5.3.3"
      }
    },
    "node_modules/@playbingo/types": {
      "resolved": "../schema",
      "link": true
    },
    "node_modules/zod": {
      "version": "4.1.5",
      "resolved": "https://registry.npmjs.org/zod/-/zod-4.1.5.tgz",
      "integrity": "sha512-rcUUZqlLJgBC33IT3PNMgsCq6TzLQEG/Ei/KTCU0PedSWRMAXoOUN+4t/0H+Q8bdnLPdqUYnvboJT0bn/229qg==",
      "license": "MIT",
      "funding": {
        "url": "https://github.com/sponsors/colinhacks"
      }
    }
  }
}
